
Microsoft Visual Studio Solution File, Format Version 12.00
# Visual Studio Version 17
VisualStudioVersion = 17.6.33801.468
MinimumVisualStudioVersion = 10.0.40219.1
Project("{8BC9CEB8-8B4A-11D0-8D11-00A0C91BC942}") = "Projekt1", "Projekt1\Projekt1.vcxproj", "{AD10CCC5-C442-417E-99A3-9639164B8CE9}"
EndProject
Global
	GlobalSection(SolutionConfigurationPlatforms) = preSolution
		Debug|x64 = Debug|x64
		Debug|x86 = Debug|x86
		Release|x64 = Release|x64
		Release|x86 = Release|x86
	EndGlobalSection
	GlobalSection(ProjectConfigurationPlatforms) = postSolution
		{AD10CCC5-C442-417E-99A3-9639164B8CE9}.Debug|x64.ActiveCfg = Debug|x64
		{AD10CCC5-C442-417E-99A3-9639164B8CE9}.Debug|x64.Build.0 = Debug|x64
		{AD10CCC5-C442-417E-99A3-9639164B8CE9}.Debug|x86.ActiveCfg = Debug|Win32
		{AD10CCC5-C442-417E-99A3-9639164B8CE9}.Debug|x86.Build.0 = Debug|Win32
		{AD10CCC5-C442-417E-99A3-9639164B8CE9}.Release|x64.ActiveCfg = Release|x64
		{AD10CCC5-C442-417E-99A3-9639164B8CE9}.Release|x64.Build.0 = Release|x64
		{AD10CCC5-C442-417E-99A3-9639164B8CE9}.Release|x86.ActiveCfg = Release|Win32
		{AD10CCC5-C442-417E-99A3-9639164B8CE9}.Release|x86.Build.0 = Release|Win32
	EndGlobalSection
	GlobalSection(SolutionProperties) = preSolution
		HideSolutionNode = FALSE
	EndGlobalSection
	GlobalSection(ExtensibilityGlobals) = postSolution
		SolutionGuid = {4023A9C6-28EE-4AC8-AF99-C5DD00CE0DF2}
	EndGlobalSection
EndGlobal
